
Microsoft Visual Studio Solution File, Format Version 12.00
# Visual Studio 14
VisualStudioVersion = 14.0.25123.0
MinimumVisualStudioVersion = 10.0.40219.1
Project("{FAE04EC0-301F-11D3-BF4B-00C04F79EFBC}") = "TCP_Client", "TCP_Client\TCP_Client.csproj", "{9E2221B7-521A-46DB-B13A-2087E5F2134C}"
EndProject
Global
	GlobalSection(SolutionConfigurationPlatforms) = preSolution
		Debug|Any CPU = Debug|Any CPU
		Release|Any CPU = Release|Any CPU
	EndGlobalSection
	GlobalSection(ProjectConfigurationPlatforms) = postSolution
		{9E2221B7-521A-46DB-B13A-2087E5F2134C}.Debug|Any CPU.ActiveCfg = Debug|Any CPU
		{9E2221B7-521A-46DB-B13A-2087E5F2134C}.Debug|Any CPU.Build.0 = Debug|Any CPU
		{9E2221B7-521A-46DB-B13A-2087E5F2134C}.Release|Any CPU.ActiveCfg = Release|Any CPU
		{9E2221B7-521A-46DB-B13A-2087E5F2134C}.Release|Any CPU.Build.0 = Release|Any CPU
	EndGlobalSection
	GlobalSection(SolutionProperties) = preSolution
		HideSolutionNode = FALSE
	EndGlobalSection
EndGlobal
